{
  "nodes": {
    "nixpkgs": {
      "locked": {
        "lastModified": 1785858998,
        "narHash": "sha256-fKCq5jphd6l/Ms6gc3dptkw/TcKLYub9lQE5g6rbbkc=",
        "owner": "nixos",
        "repo": "nixpkgs",
        "rev": "04607e1165ac22c5fde6dcc54c9e0b3c0487c555",
        "type": "github"
      },
      "original": {
        "owner": "nixos",
        "ref": "nixos-26.05",
        "repo": "nixpkgs",
        "type": "github"
      }
    },
    "npm-cli": {
      "inputs": {
        "nixpkgs": [
          "nixpkgs"
        ]
      },
      "locked": {
        "path": "../npm-cli",
        "type": "path"
      },
      "original": {
        "path": "../npm-cli",
        "type": "path"
      },
      "parent": []
    },
    "root": {
      "inputs": {
        "nixpkgs": "nixpkgs",
        "npm-cli": "npm-cli"
      }
    }
  },
  "root": "root",
  "version": 7
}
